dependencies:
  ethernet_init:
    dependencies: []
    source:
      path: C:\Users\tanim\esp\v5.4\esp-idf\examples\ethernet\basic\components\ethernet_init
      type: local
    version: '*'
  idf:
    source:
      type: idf
    version: 5.4.0
direct_dependencies:
- ethernet_init
manifest_hash: cf5b6502000f4e2c16a842164a2265a825058afc7dcc655a0c65547ba58d7c31
target: esp32
version: 2.0.0
